{
  "requires": true,
  "lockfileVersion": 1,
  "dependencies": {
    "angular-ng-autocomplete": {
      "version": "1.1.16",
      "resolved": "https://registry.npmjs.org/angular-ng-autocomplete/-/angular-ng-autocomplete-1.1.16.tgz",
      "integrity": "sha512-p2hFRlUuBSx18TRCWt8VnfYxPU1DuQANuUY1dYHRzU67SEMdwG+RxcQyfdRr/js/OA5gJpBYUF3xmRpep+9iOA==",
      "requires": {
        "tslib": "^1.9.0"
      }
    },
    "tslib": {
      "version": "1.10.0",
      "resolved": "https://registry.npmjs.org/tslib/-/tslib-1.10.0.tgz",
      "integrity": "sha512-qOebF53frne81cf0S9B41ByenJ3/IuH8yJKngAX35CmiZySA0khhkovshKK+jGCaMnVomla7gVlIcc3EvKPbTQ=="
    }
  }
}
